{
  "originHash" : "06c2619638a0f48f9da33392850d3c3f432edc31da86b17fb0f7cfaa93e31b7d",
  "pins" : [
    {
      "identity" : "jsonrpc",
      "kind" : "remoteSourceControl",
      "location" : "https://github.com/ChimeHQ/JSONRPC",
      "state" : {
        "revision" : "56c936de4e4385287dc18f260557dbdf443a55bd",
        "version" : "0.9.1"
      }
    },
    {
      "identity" : "languageserverprotocol",
      "kind" : "remoteSourceControl",
      "location" : "https://github.com/ChimeHQ/LanguageServerProtocol.git",
      "state" : {
        "revision" : "587c037f37c3dbcd25ad10ff6017412eb957d22d",
        "version" : "0.13.4"
      }
    },
    {
      "identity" : "swift-argument-parser",
      "kind" : "remoteSourceControl",
      "location" : "https://github.com/apple/swift-argument-parser.git",
      "state" : {
        "revision" : "41982a3656a71c768319979febd796c6fd111d5c",
        "version" : "1.5.0"
      }
    }
  ],
  "version" : 3
}
